
Microsoft Visual Studio Solution File, Format Version 12.00
# Visual Studio Version 17
VisualStudioVersion = 17.9.34701.34
MinimumVisualStudioVersion = 10.0.40219.1
Project("{9A19103F-16F7-4668-BE54-9A1E7A4F7556}") = "KhumaloCraftApp", "KhumaloCraftApp.csproj", "{A892B256-E6DB-4EC8-9C4D-A4EE844C30EC}"
EndProject
Global
	GlobalSection(SolutionConfigurationPlatforms) = preSolution
		Debug|Any CPU = Debug|Any CPU
		Release|Any CPU = Release|Any CPU
	EndGlobalSection
	GlobalSection(ProjectConfigurationPlatforms) = postSolution
		{A892B256-E6DB-4EC8-9C4D-A4EE844C30EC}.Debug|Any CPU.ActiveCfg = Debug|Any CPU
		{A892B256-E6DB-4EC8-9C4D-A4EE844C30EC}.Debug|Any CPU.Build.0 = Debug|Any CPU
		{A892B256-E6DB-4EC8-9C4D-A4EE844C30EC}.Release|Any CPU.ActiveCfg = Release|Any CPU
		{A892B256-E6DB-4EC8-9C4D-A4EE844C30EC}.Release|Any CPU.Build.0 = Release|Any CPU
	EndGlobalSection
	GlobalSection(SolutionProperties) = preSolution
		HideSolutionNode = FALSE
	EndGlobalSection
	GlobalSection(ExtensibilityGlobals) = postSolution
		SolutionGuid = {573296C2-A218-4450-AF86-852054ED4CC3}
	EndGlobalSection
EndGlobal
